
Microsoft Visual Studio Solution File, Format Version 12.00
# Visual Studio Version 17
VisualStudioVersion = 17.10.35004.147
MinimumVisualStudioVersion = 10.0.40219.1
Project("{FAE04EC0-301F-11D3-BF4B-00C04F79EFBC}") = "MVCCrud", "MVCCrud\MVCCrud.csproj", "{D8862620-2D4C-434A-987C-D0E793ED7444}"
EndProject
Global
	GlobalSection(SolutionConfigurationPlatforms) = preSolution
		Debug|Any CPU = Debug|Any CPU
		Release|Any CPU = Release|Any CPU
	EndGlobalSection
	GlobalSection(ProjectConfigurationPlatforms) = postSolution
		{D8862620-2D4C-434A-987C-D0E793ED7444}.Debug|Any CPU.ActiveCfg = Debug|Any CPU
		{D8862620-2D4C-434A-987C-D0E793ED7444}.Debug|Any CPU.Build.0 = Debug|Any CPU
		{D8862620-2D4C-434A-987C-D0E793ED7444}.Release|Any CPU.ActiveCfg = Release|Any CPU
		{D8862620-2D4C-434A-987C-D0E793ED7444}.Release|Any CPU.Build.0 = Release|Any CPU
	EndGlobalSection
	GlobalSection(SolutionProperties) = preSolution
		HideSolutionNode = FALSE
	EndGlobalSection
	GlobalSection(ExtensibilityGlobals) = postSolution
		SolutionGuid = {9227799A-1165-4EEE-ADED-52A90746AD05}
	EndGlobalSection
EndGlobal
